# THIS IS AN AUTOGENERATED FILE. DO NOT EDIT THIS FILE DIRECTLY.
# yarn lockfile v1


eslint-config-prettier@^10.1.2:
  version "10.1.2"
  resolved "https://registry.yarnpkg.com/eslint-config-prettier/-/eslint-config-prettier-10.1.2.tgz#31a4b393c40c4180202c27e829af43323bf85276"
  integrity sha512-Epgp/EofAUeEpIdZkW60MHKvPyru1ruQJxPL+WIycnaPApuseK0Zpkrh/FwL9oIpQvIhJwV7ptOy0DWUjTlCiA==
